
Microsoft Visual Studio Solution File, Format Version 12.00
# Visual Studio Version 16
VisualStudioVersion = 16.0.32002.261
MinimumVisualStudioVersion = 10.0.40219.1
Project("{FAE04EC0-301F-11D3-BF4B-00C04F79EFBC}") = "pipeline", "pipeline\pipeline.csproj", "{45EF0B00-2047-4F59-9A47-5D93A7A8F893}"
EndProject
Global
	GlobalSection(SolutionConfigurationPlatforms) = preSolution
		Debug|Any CPU = Debug|Any CPU
		Release|Any CPU = Release|Any CPU
	EndGlobalSection
	GlobalSection(ProjectConfigurationPlatforms) = postSolution
		{45EF0B00-2047-4F59-9A47-5D93A7A8F893}.Debug|Any CPU.ActiveCfg = Debug|Any CPU
		{45EF0B00-2047-4F59-9A47-5D93A7A8F893}.Debug|Any CPU.Build.0 = Debug|Any CPU
		{45EF0B00-2047-4F59-9A47-5D93A7A8F893}.Release|Any CPU.ActiveCfg = Release|Any CPU
		{45EF0B00-2047-4F59-9A47-5D93A7A8F893}.Release|Any CPU.Build.0 = Release|Any CPU
	EndGlobalSection
	GlobalSection(SolutionProperties) = preSolution
		HideSolutionNode = FALSE
	EndGlobalSection
	GlobalSection(ExtensibilityGlobals) = postSolution
		SolutionGuid = {D4D7519E-12BC-4EB6-B97B-3BC7E2B2E33E}
	EndGlobalSection
EndGlobal
